
Microsoft Visual Studio Solution File, Format Version 12.00
# Visual Studio Version 17
VisualStudioVersion = 17.7.34031.279
MinimumVisualStudioVersion = 10.0.40219.1
Project("{FAE04EC0-301F-11D3-BF4B-00C04F79EFBC}") = "Matrix", "Matrix.csproj", "{6C786805-FD38-42F6-88BE-C4E530B6D717}"
EndProject
Project("{FAE04EC0-301F-11D3-BF4B-00C04F79EFBC}") = "MatrixUnitTest", "MatrixUnitTest\MatrixUnitTest.csproj", "{79822C58-9A3B-4EC1-B878-83C7FCD76222}"
EndProject
Global
	GlobalSection(SolutionConfigurationPlatforms) = preSolution
		Debug|Any CPU = Debug|Any CPU
		Release|Any CPU = Release|Any CPU
	EndGlobalSection
	GlobalSection(ProjectConfigurationPlatforms) = postSolution
		{6C786805-FD38-42F6-88BE-C4E530B6D717}.Debug|Any CPU.ActiveCfg = Debug|Any CPU
		{6C786805-FD38-42F6-88BE-C4E530B6D717}.Debug|Any CPU.Build.0 = Debug|Any CPU
		{6C786805-FD38-42F6-88BE-C4E530B6D717}.Release|Any CPU.ActiveCfg = Release|Any CPU
		{6C786805-FD38-42F6-88BE-C4E530B6D717}.Release|Any CPU.Build.0 = Release|Any CPU
		{79822C58-9A3B-4EC1-B878-83C7FCD76222}.Debug|Any CPU.ActiveCfg = Debug|Any CPU
		{79822C58-9A3B-4EC1-B878-83C7FCD76222}.Debug|Any CPU.Build.0 = Debug|Any CPU
		{79822C58-9A3B-4EC1-B878-83C7FCD76222}.Release|Any CPU.ActiveCfg = Release|Any CPU
		{79822C58-9A3B-4EC1-B878-83C7FCD76222}.Release|Any CPU.Build.0 = Release|Any CPU
	EndGlobalSection
	GlobalSection(SolutionProperties) = preSolution
		HideSolutionNode = FALSE
	EndGlobalSection
	GlobalSection(ExtensibilityGlobals) = postSolution
		SolutionGuid = {B753538E-1318-4E5B-843C-3C991A1B1588}
	EndGlobalSection
EndGlobal
